# This file is automatically @generated by Poetry 2.1.2 and should not be changed by hand.

[[package]]
name = "terminaltables"
version = "3.1.10"
description = "Generate simple tables in terminals from a nested list of strings."
optional = false
python-versions = ">=2.6"
groups = ["main"]
files = [
    {file = "terminaltables-3.1.10-py2.py3-none-any.whl", hash = "sha256:e4fdc4179c9e4aab5f674d80f09d76fa436b96fdc698a8505e0a36bf0804a874"},
    {file = "terminaltables-3.1.10.tar.gz", hash = "sha256:ba6eca5cb5ba02bba4c9f4f985af80c54ec3dccf94cfcd190154386255e47543"},
]

[metadata]
lock-version = "2.1"
python-versions = ">=3.12"
content-hash = "9a698f9a3197306d94cffde86aef1240de35f17fc3508f0f24dc3fa7bd650aeb"
